// !$*UTF8*$!
{
	archiveVersion = 1;
	classes = {
	};
	objectVersion = 56;
	objects = {

/* Begin PBXBuildFile section */
		D8A1B5A92B8E4F2A00123456 /* TornyiOSApp.swift in Sources */ = {isa = PBXBuildFile; fileRef = D8A1B5A82B8E4F2A00123456 /* TornyiOSApp.swift */; };
		D8A1B5AB2B8E4F2A00123456 /* ContentView.swift in Sources */ = {isa = PBXBuildFile; fileRef = D8A1B5AA2B8E4F2A00123456 /* ContentView.swift */; };
		FC5AE5650A00473BB84DF31B /* LaunchScreen.swift in Sources */ = {isa = PBXBuildFile; fileRef = AE43554FA1894A4FA992EDAA /* LaunchScreen.swift */; };
		B57852151DA14D3C9EF49437 /* KeychainService.swift in Sources */ = {isa = PBXBuildFile; fileRef = 4C1A2AC2A9C9464B9128851D /* KeychainService.swift */; };
		D8A1B5AD2B8E4F2C00123456 /* Assets.xcassets in Resources */ = {isa = PBXBuildFile; fileRef = D8A1B5AC2B8E4F2C00123456 /* Assets.xcassets */; };
		D8A1B5B02B8E4F2C00123456 /* Preview Assets.xcassets in Resources */ = {isa = PBXBuildFile; fileRef = D8A1B5AF2B8E4F2C00123456 /* Preview Assets.xcassets */; };
		D8A1B5B72B8E4F4D00123456 /* APIService.swift in Sources */ = {isa = PBXBuildFile; fileRef = D8A1B5B62B8E4F4D00123456 /* APIService.swift */; };
		D8A1B5B92B8E4F5800123456 /* Models.swift in Sources */ = {isa = PBXBuildFile; fileRef = D8A1B5B82B8E4F5800123456 /* Models.swift */; };
		D8A1B5BD2B8E4F6E00123456 /* ShotRecordingView.swift in Sources */ = {isa = PBXBuildFile; fileRef = D8A1B5BC2B8E4F6E00123456 /* ShotRecordingView.swift */; };
		D8A1B5BF2B8E4F7900123456 /* AnalyticsView.swift in Sources */ = {isa = PBXBuildFile; fileRef = D8A1B5BE2B8E4F7900123456 /* AnalyticsView.swift */; };
		D8A1B5C12B8E4F8400123456 /* SessionHistoryView.swift in Sources */ = {isa = PBXBuildFile; fileRef = D8A1B5C02B8E4F8400123456 /* SessionHistoryView.swift */; };
		D8A1B5C32B8E4F8F00123456 /* AuthView.swift in Sources */ = {isa = PBXBuildFile; fileRef = D8A1B5C22B8E4F8F00123456 /* AuthView.swift */; };
		D8A1B5C52B8E4F9F00123456 /* ProfileSetupView.swift in Sources */ = {isa = PBXBuildFile; fileRef = D8A1B5C42B8E4F9F00123456 /* ProfileSetupView.swift */; };
		D8A1B5C52B8E4F9A00123456 /* TornyColors.swift in Sources */ = {isa = PBXBuildFile; fileRef = D8A1B5C42B8E4F9A00123456 /* TornyColors.swift */; };
		D8A1B5C72B8E4FA500123456 /* TornyComponents.swift in Sources */ = {isa = PBXBuildFile; fileRef = D8A1B5C62B8E4FA500123456 /* TornyComponents.swift */; };
		D8A1B5C92B8E4FB000123456 /* PermanentMarker-Regular.ttf in Resources */ = {isa = PBXBuildFile; fileRef = D8A1B5C82B8E4FB000123456 /* PermanentMarker-Regular.ttf */; };
		D8A1B5CA2B8E4FC100123456 /* ImagePicker.swift in Sources */ = {isa = PBXBuildFile; fileRef = D8A1B5C92B8E4FC100123456 /* ImagePicker.swift */; };
		96DBB43E64DF44AC858364AA /* TrainingSessionView.swift in Sources */ = {isa = PBXBuildFile; fileRef = DDFA6DAA7DC74EAF9CFB2808 /* TrainingSessionView.swift */; };
		87A81E2DC11D4ACABB22FD76 /* TrainingSetupView.swift in Sources */ = {isa = PBXBuildFile; fileRef = A59FDC8B1DBA4AC0A71A0E6D /* TrainingSetupView.swift */; };
		AE3B9C1D2C9A4B5E00789012 /* AnalyticsDetailView.swift in Sources */ = {isa = PBXBuildFile; fileRef = AE3B9C1C2C9A4B5E00789012 /* AnalyticsDetailView.swift */; };
		AE3B9C1F2C9A4B6000789012 /* AnalyticsModels.swift in Sources */ = {isa = PBXBuildFile; fileRef = AE3B9C1E2C9A4B6000789012 /* AnalyticsModels.swift */; };
		AE3B9C212C9A4B6200789012 /* AnalyticsViewModel.swift in Sources */ = {isa = PBXBuildFile; fileRef = AE3B9C202C9A4B6200789012 /* AnalyticsViewModel.swift */; };
		AE3B9C232C9A4B6400789012 /* SessionDetailCards.swift in Sources */ = {isa = PBXBuildFile; fileRef = AE3B9C222C9A4B6400789012 /* SessionDetailCards.swift */; };
		AE3B9C312C9A4B7200789012 /* SessionDetailView.swift in Sources */ = {isa = PBXBuildFile; fileRef = AE3B9C302C9A4B7200789012 /* SessionDetailView.swift */; };
		25347157E7F446B5FCF1E43B /* SessionAIAnalysisView.swift in Sources */ = {isa = PBXBuildFile; fileRef = 76EE4C6474CBB212A038F32F /* SessionAIAnalysisView.swift */; };
		AE3B9C332C9A4B7400789012 /* SessionRowView.swift in Sources */ = {isa = PBXBuildFile; fileRef = AE3B9C322C9A4B7400789012 /* SessionRowView.swift */; };
		AE3B9C252C9A4B6600789012 /* DashboardView.swift in Sources */ = {isa = PBXBuildFile; fileRef = AE3B9C242C9A4B6600789012 /* DashboardView.swift */; };
		AE3B9C272C9A4B6800789012 /* DashboardViewModel.swift in Sources */ = {isa = PBXBuildFile; fileRef = AE3B9C262C9A4B6800789012 /* DashboardViewModel.swift */; };
		AE3B9C292C9A4B6A00789012 /* AuthViewModel.swift in Sources */ = {isa = PBXBuildFile; fileRef = AE3B9C282C9A4B6A00789012 /* AuthViewModel.swift */; };
		AE3B9C2B2C9A4B6C00789012 /* ProfileSetupViewModel.swift in Sources */ = {isa = PBXBuildFile; fileRef = AE3B9C2A2C9A4B6C00789012 /* ProfileSetupViewModel.swift */; };
		AE3B9C2D2C9A4B6E00789012 /* SessionHistoryViewModel.swift in Sources */ = {isa = PBXBuildFile; fileRef = AE3B9C2C2C9A4B6E00789012 /* SessionHistoryViewModel.swift */; };
		AE3B9C2F2C9A4B7000789012 /* TrainingSessionViewModel.swift in Sources */ = {isa = PBXBuildFile; fileRef = AE3B9C2E2C9A4B7000789012 /* TrainingSessionViewModel.swift */; };
		F1A2B3C4D5E6F7A8B9C0D1E2 /* DetailedAnalyticsView.swift in Sources */ = {isa = PBXBuildFile; fileRef = E2D1C0B9A8F7E6D5C4B3A2F1 /* DetailedAnalyticsView.swift */; };
		A4F3E2D1C0B9A8F7E6D5C4B3 /* ChartModels.swift in Sources */ = {isa = PBXBuildFile; fileRef = B3C2A1F9E8D7C6B5A4F3E2D1 /* ChartModels.swift */; };
		E7F6C5B4A3F2E1D0C9B8A7F6 /* ProgressChartModels.swift in Sources */ = {isa = PBXBuildFile; fileRef = C5D4B3A2F1E0D9C8B7A6F5E4 /* ProgressChartModels.swift */; };
		F8A7D6C5B4A3F2E1D0C9B8A7 /* ComparativeAnalyticsModels.swift in Sources */ = {isa = PBXBuildFile; fileRef = D6E5C4B3A2F1E0D9C8B7A6F5 /* ComparativeAnalyticsModels.swift */; };
		B2A1C0D9F8E7D6C5B4A3F2E1 /* LiveChartsComponent.swift in Sources */ = {isa = PBXBuildFile; fileRef = A9B8C7D6E5F4A3B2C1D0F9E8 /* LiveChartsComponent.swift */; };
		C4B3A2F1E0D9C8B7A6F5E4D3 /* ProgressChartsView.swift in Sources */ = {isa = PBXBuildFile; fileRef = F2E1D0C9B8A7F6E5D4C3B2A1 /* ProgressChartsView.swift */; };
		D5C4B3A2F1E0D9C8B7A6F5E4 /* ComparativeAnalysisView.swift in Sources */ = {isa = PBXBuildFile; fileRef = A3F2E1D0C9B8A7F6E5D4C3B2 /* ComparativeAnalysisView.swift */; };
		4A3F2E1D0C9B8A7F6E5D4C3B /* ShareService.swift in Sources */ = {isa = PBXBuildFile; fileRef = 5F2E1D0C9B8A7F6E5D4C3B2A /* ShareService.swift */; };
		E6D5C4B3A2F1E0D9C8B7A6F5 /* NavigationManager.swift in Sources */ = {isa = PBXBuildFile; fileRef = F7E6D5C4B3A2F1E0D9C8B7A6 /* NavigationManager.swift */; };
		F8E7D6C5B4A3F2E1D0C9B8A7 /* PasswordResetService.swift in Sources */ = {isa = PBXBuildFile; fileRef = A9F8E7D6C5B4A3F2E1D0C9B8 /* PasswordResetService.swift */; };
		A0F9E8D7C6B5A4F3E2D1C0B9 /* ForgotPasswordView.swift in Sources */ = {isa = PBXBuildFile; fileRef = B1A0F9E8D7C6B5A4F3E2D1C0 /* ForgotPasswordView.swift */; };
		C2B1A0F9E8D7C6B5A4F3E2D1 /* ResetPasswordView.swift in Sources */ = {isa = PBXBuildFile; fileRef = D3C2B1A0F9E8D7C6B5A4F3E2 /* ResetPasswordView.swift */; };
		AA11BB22CC33DD44EE55FF66 /* AIInsightsView.swift in Sources */ = {isa = PBXBuildFile; fileRef = FF66EE55DD44CC33BB22AA11 /* AIInsightsView.swift */; };
		BB22CC33DD44EE55FF66AA11 /* AIInsightsViewModel.swift in Sources */ = {isa = PBXBuildFile; fileRef = AA11FF66EE55DD44CC33BB22 /* AIInsightsViewModel.swift */; };
/* End PBXBuildFile section */

/* Begin PBXFileReference section */
		D8A1B5A52B8E4F2A00123456 /* TornyiOS.app */ = {isa = PBXFileReference; explicitFileType = wrapper.application; includeInIndex = 0; path = TornyiOS.app; sourceTree = BUILT_PRODUCTS_DIR; };
		D8A1B5A82B8E4F2A00123456 /* TornyiOSApp.swift */ = {isa = PBXFileReference; lastKnownFileType = sourcecode.swift; path = TornyiOSApp.swift; sourceTree = "<group>"; };
		D8A1B5AA2B8E4F2A00123456 /* ContentView.swift */ = {isa = PBXFileReference; lastKnownFileType = sourcecode.swift; path = "Views/Common/ContentView.swift"; sourceTree = "<group>"; };
		AE43554FA1894A4FA992EDAA /* LaunchScreen.swift */ = {isa = PBXFileReference; lastKnownFileType = sourcecode.swift; path = "Views/Common/LaunchScreen.swift"; sourceTree = "<group>"; };
		4C1A2AC2A9C9464B9128851D /* KeychainService.swift */ = {isa = PBXFileReference; lastKnownFileType = sourcecode.swift; path = "Services/Security/KeychainService.swift"; sourceTree = "<group>"; };
		D8A1B5AC2B8E4F2C00123456 /* Assets.xcassets */ = {isa = PBXFileReference; lastKnownFileType = folder.assetcatalog; path = Assets.xcassets; sourceTree = "<group>"; };
		D8A1B5AF2B8E4F2C00123456 /* Preview Assets.xcassets */ = {isa = PBXFileReference; lastKnownFileType = folder.assetcatalog; path = "Preview Assets.xcassets"; sourceTree = "<group>"; };
		D8A1B5B62B8E4F4D00123456 /* APIService.swift */ = {isa = PBXFileReference; lastKnownFileType = sourcecode.swift; path = "Services/Network/APIService.swift"; sourceTree = "<group>"; };
		D8A1B5B82B8E4F5800123456 /* Models.swift */ = {isa = PBXFileReference; lastKnownFileType = sourcecode.swift; path = "Models/Models.swift"; sourceTree = "<group>"; };
		D8A1B5BC2B8E4F6E00123456 /* ShotRecordingView.swift */ = {isa = PBXFileReference; lastKnownFileType = sourcecode.swift; path = "Views/Training/ShotRecordingView.swift"; sourceTree = "<group>"; };
		D8A1B5BE2B8E4F7900123456 /* AnalyticsView.swift */ = {isa = PBXFileReference; lastKnownFileType = sourcecode.swift; path = "Views/Analytics/AnalyticsView.swift"; sourceTree = "<group>"; };
		D8A1B5C02B8E4F8400123456 /* SessionHistoryView.swift */ = {isa = PBXFileReference; lastKnownFileType = sourcecode.swift; path = "Views/Session/SessionHistoryView.swift"; sourceTree = "<group>"; };
		D8A1B5C22B8E4F8F00123456 /* AuthView.swift */ = {isa = PBXFileReference; lastKnownFileType = sourcecode.swift; path = "Views/Auth/AuthView.swift"; sourceTree = "<group>"; };
		D8A1B5C42B8E4F9F00123456 /* ProfileSetupView.swift */ = {isa = PBXFileReference; lastKnownFileType = sourcecode.swift; path = "Views/Profile/ProfileSetupView.swift"; sourceTree = "<group>"; };
		D8A1B5C42B8E4F9A00123456 /* TornyColors.swift */ = {isa = PBXFileReference; lastKnownFileType = sourcecode.swift; path = "Components/TornyColors.swift"; sourceTree = "<group>"; };
		D8A1B5C62B8E4FA500123456 /* TornyComponents.swift */ = {isa = PBXFileReference; lastKnownFileType = sourcecode.swift; path = "Components/TornyComponents.swift"; sourceTree = "<group>"; };
		D8A1B5C82B8E4FB000123456 /* PermanentMarker-Regular.ttf */ = {isa = PBXFileReference; lastKnownFileType = file; path = "Resources/Fonts/PermanentMarker-Regular.ttf"; sourceTree = "<group>"; };
		D8A1B5C92B8E4FC100123456 /* ImagePicker.swift */ = {isa = PBXFileReference; lastKnownFileType = sourcecode.swift; path = "Components/ImagePicker.swift"; sourceTree = "<group>"; };
		DDFA6DAA7DC74EAF9CFB2808 /* TrainingSessionView.swift */ = {isa = PBXFileReference; lastKnownFileType = sourcecode.swift; path = "Views/Training/TrainingSessionView.swift"; sourceTree = "<group>"; };
		A59FDC8B1DBA4AC0A71A0E6D /* TrainingSetupView.swift */ = {isa = PBXFileReference; lastKnownFileType = sourcecode.swift; path = "Views/Training/TrainingSetupView.swift"; sourceTree = "<group>"; };
		AE3B9C1C2C9A4B5E00789012 /* AnalyticsDetailView.swift */ = {isa = PBXFileReference; lastKnownFileType = sourcecode.swift; path = "Views/Analytics/AnalyticsDetailView.swift"; sourceTree = "<group>"; };
		AE3B9C1E2C9A4B6000789012 /* AnalyticsModels.swift */ = {isa = PBXFileReference; lastKnownFileType = sourcecode.swift; path = "Models/Analytics/AnalyticsModels.swift"; sourceTree = "<group>"; };
		AE3B9C202C9A4B6200789012 /* AnalyticsViewModel.swift */ = {isa = PBXFileReference; lastKnownFileType = sourcecode.swift; path = "ViewModels/AnalyticsViewModel.swift"; sourceTree = "<group>"; };
		AE3B9C222C9A4B6400789012 /* SessionDetailCards.swift */ = {isa = PBXFileReference; lastKnownFileType = sourcecode.swift; path = "Views/Session/SessionDetailCards.swift"; sourceTree = "<group>"; };
		AE3B9C302C9A4B7200789012 /* SessionDetailView.swift */ = {isa = PBXFileReference; lastKnownFileType = sourcecode.swift; path = "TornyiOS/Views/Session/SessionDetailView.swift"; sourceTree = "<group>"; };
		76EE4C6474CBB212A038F32F /* SessionAIAnalysisView.swift */ = {isa = PBXFileReference; lastKnownFileType = sourcecode.swift; path = "TornyiOS/Views/Session/SessionAIAnalysisView.swift"; sourceTree = "<group>"; };
		AE3B9C322C9A4B7400789012 /* SessionRowView.swift */ = {isa = PBXFileReference; lastKnownFileType = sourcecode.swift; path = "TornyiOS/Views/Session/SessionRowView.swift"; sourceTree = "<group>"; };
		AE3B9C242C9A4B6600789012 /* DashboardView.swift */ = {isa = PBXFileReference; lastKnownFileType = sourcecode.swift; path = "Views/Dashboard/DashboardView.swift"; sourceTree = "<group>"; };
		AE3B9C262C9A4B6800789012 /* DashboardViewModel.swift */ = {isa = PBXFileReference; lastKnownFileType = sourcecode.swift; path = "ViewModels/DashboardViewModel.swift"; sourceTree = "<group>"; };
		AE3B9C282C9A4B6A00789012 /* AuthViewModel.swift */ = {isa = PBXFileReference; lastKnownFileType = sourcecode.swift; path = "ViewModels/AuthViewModel.swift"; sourceTree = "<group>"; };
		AE3B9C2A2C9A4B6C00789012 /* ProfileSetupViewModel.swift */ = {isa = PBXFileReference; lastKnownFileType = sourcecode.swift; path = "ViewModels/ProfileSetupViewModel.swift"; sourceTree = "<group>"; };
		AE3B9C2C2C9A4B6E00789012 /* SessionHistoryViewModel.swift */ = {isa = PBXFileReference; lastKnownFileType = sourcecode.swift; path = "ViewModels/SessionHistoryViewModel.swift"; sourceTree = "<group>"; };
		AE3B9C2E2C9A4B7000789012 /* TrainingSessionViewModel.swift */ = {isa = PBXFileReference; lastKnownFileType = sourcecode.swift; path = "ViewModels/TrainingSessionViewModel.swift"; sourceTree = "<group>"; };
		E2D1C0B9A8F7E6D5C4B3A2F1 /* DetailedAnalyticsView.swift */ = {isa = PBXFileReference; lastKnownFileType = sourcecode.swift; path = "Views/Analytics/DetailedAnalyticsView.swift"; sourceTree = "<group>"; };
		B3C2A1F9E8D7C6B5A4F3E2D1 /* ChartModels.swift */ = {isa = PBXFileReference; lastKnownFileType = sourcecode.swift; path = "Models/Training/ChartModels.swift"; sourceTree = "<group>"; };
		C5D4B3A2F1E0D9C8B7A6F5E4 /* ProgressChartModels.swift */ = {isa = PBXFileReference; lastKnownFileType = sourcecode.swift; path = "Models/Analytics/ProgressChartModels.swift"; sourceTree = "<group>"; };
		D6E5C4B3A2F1E0D9C8B7A6F5 /* ComparativeAnalyticsModels.swift */ = {isa = PBXFileReference; lastKnownFileType = sourcecode.swift; path = "Models/Analytics/ComparativeAnalyticsModels.swift"; sourceTree = "<group>"; };
		A9B8C7D6E5F4A3B2C1D0F9E8 /* LiveChartsComponent.swift */ = {isa = PBXFileReference; lastKnownFileType = sourcecode.swift; path = "Components/LiveChartsComponent.swift"; sourceTree = "<group>"; };
		F2E1D0C9B8A7F6E5D4C3B2A1 /* ProgressChartsView.swift */ = {isa = PBXFileReference; lastKnownFileType = sourcecode.swift; path = "Views/Analytics/ProgressChartsView.swift"; sourceTree = "<group>"; };
		A3F2E1D0C9B8A7F6E5D4C3B2 /* ComparativeAnalysisView.swift */ = {isa = PBXFileReference; lastKnownFileType = sourcecode.swift; path = "Views/Analytics/ComparativeAnalysisView.swift"; sourceTree = "<group>"; };
		5F2E1D0C9B8A7F6E5D4C3B2A /* ShareService.swift */ = {isa = PBXFileReference; lastKnownFileType = sourcecode.swift; path = "Services/Utilities/ShareService.swift"; sourceTree = "<group>"; };
		F7E6D5C4B3A2F1E0D9C8B7A6 /* NavigationManager.swift */ = {isa = PBXFileReference; lastKnownFileType = sourcecode.swift; path = "Services/Utilities/NavigationManager.swift"; sourceTree = "<group>"; };
		A9F8E7D6C5B4A3F2E1D0C9B8 /* PasswordResetService.swift */ = {isa = PBXFileReference; lastKnownFileType = sourcecode.swift; path = "Services/Network/PasswordResetService.swift"; sourceTree = "<group>"; };
		B1A0F9E8D7C6B5A4F3E2D1C0 /* ForgotPasswordView.swift */ = {isa = PBXFileReference; lastKnownFileType = sourcecode.swift; path = "Views/Auth/ForgotPasswordView.swift"; sourceTree = "<group>"; };
		D3C2B1A0F9E8D7C6B5A4F3E2 /* ResetPasswordView.swift */ = {isa = PBXFileReference; lastKnownFileType = sourcecode.swift; path = "Views/Auth/ResetPasswordView.swift"; sourceTree = "<group>"; };
		FF66EE55DD44CC33BB22AA11 /* AIInsightsView.swift */ = {isa = PBXFileReference; lastKnownFileType = sourcecode.swift; path = "Views/Analytics/AIInsightsView.swift"; sourceTree = "<group>"; };
		AA11FF66EE55DD44CC33BB22 /* AIInsightsViewModel.swift */ = {isa = PBXFileReference; lastKnownFileType = sourcecode.swift; path = "ViewModels/AIInsightsViewModel.swift"; sourceTree = "<group>"; };
/* End PBXFileReference section */

/* Begin PBXFrameworksBuildPhase section */
		D8A1B5A22B8E4F2A00123456 /* Frameworks */ = {
			isa = PBXFrameworksBuildPhase;
			buildActionMask = 2147483647;
			files = (
			);
			runOnlyForDeploymentPostprocessing = 0;
		};
/* End PBXFrameworksBuildPhase section */

/* Begin PBXGroup section */
		D8A1B59C2B8E4F2A00123456 = {
			isa = PBXGroup;
			children = (
				D8A1B5A72B8E4F2A00123456 /* TornyiOS */,
				D8A1B5A62B8E4F2A00123456 /* Products */,
			);
			sourceTree = "<group>";
		};
		D8A1B5A62B8E4F2A00123456 /* Products */ = {
			isa = PBXGroup;
			children = (
				D8A1B5A52B8E4F2A00123456 /* TornyiOS.app */,
			);
			name = Products;
			sourceTree = "<group>";
		};
		D8A1B5A72B8E4F2A00123456 /* TornyiOS */ = {
			isa = PBXGroup;
			children = (
				D8A1B5A82B8E4F2A00123456 /* TornyiOSApp.swift */,
				D8A1B5AA2B8E4F2A00123456 /* ContentView.swift */,
				AE43554FA1894A4FA992EDAA /* LaunchScreen.swift */,
				D8A1B5B82B8E4F5800123456 /* Models.swift */,
				B3C2A1F9E8D7C6B5A4F3E2D1 /* ChartModels.swift */,
				C5D4B3A2F1E0D9C8B7A6F5E4 /* ProgressChartModels.swift */,
				D6E5C4B3A2F1E0D9C8B7A6F5 /* ComparativeAnalyticsModels.swift */,
				D8A1B5B62B8E4F4D00123456 /* APIService.swift */,
				4C1A2AC2A9C9464B9128851D /* KeychainService.swift */,
				D8A1B5BC2B8E4F6E00123456 /* ShotRecordingView.swift */,
				D8A1B5BE2B8E4F7900123456 /* AnalyticsView.swift */,
				E2D1C0B9A8F7E6D5C4B3A2F1 /* DetailedAnalyticsView.swift */,
				F2E1D0C9B8A7F6E5D4C3B2A1 /* ProgressChartsView.swift */,
				A3F2E1D0C9B8A7F6E5D4C3B2 /* ComparativeAnalysisView.swift */,
				FF66EE55DD44CC33BB22AA11 /* AIInsightsView.swift */,
				D8A1B5C02B8E4F8400123456 /* SessionHistoryView.swift */,
				D8A1B5C22B8E4F8F00123456 /* AuthView.swift */,
				D8A1B5C42B8E4F9F00123456 /* ProfileSetupView.swift */,
				DDFA6DAA7DC74EAF9CFB2808 /* TrainingSessionView.swift */,
				A59FDC8B1DBA4AC0A71A0E6D /* TrainingSetupView.swift */,
				AE3B9C1C2C9A4B5E00789012 /* AnalyticsDetailView.swift */,
				AE3B9C1E2C9A4B6000789012 /* AnalyticsModels.swift */,
				AE3B9C202C9A4B6200789012 /* AnalyticsViewModel.swift */,
				AA11FF66EE55DD44CC33BB22 /* AIInsightsViewModel.swift */,
				AE3B9C222C9A4B6400789012 /* SessionDetailCards.swift */,
				AE3B9C242C9A4B6600789012 /* DashboardView.swift */,
				AE3B9C262C9A4B6800789012 /* DashboardViewModel.swift */,
				AE3B9C282C9A4B6A00789012 /* AuthViewModel.swift */,
				AE3B9C2A2C9A4B6C00789012 /* ProfileSetupViewModel.swift */,
				AE3B9C2C2C9A4B6E00789012 /* SessionHistoryViewModel.swift */,
				AE3B9C2E2C9A4B7000789012 /* TrainingSessionViewModel.swift */,
				D8A1B5C92B8E4FC100123456 /* ImagePicker.swift */,
				D8A1B5C42B8E4F9A00123456 /* TornyColors.swift */,
				D8A1B5C62B8E4FA500123456 /* TornyComponents.swift */,
				A9B8C7D6E5F4A3B2C1D0F9E8 /* LiveChartsComponent.swift */,
				D8A1B5C82B8E4FB000123456 /* PermanentMarker-Regular.ttf */,
				F7E6D5C4B3A2F1E0D9C8B7A6 /* NavigationManager.swift */,
				A9F8E7D6C5B4A3F2E1D0C9B8 /* PasswordResetService.swift */,
				B1A0F9E8D7C6B5A4F3E2D1C0 /* ForgotPasswordView.swift */,
				D3C2B1A0F9E8D7C6B5A4F3E2 /* ResetPasswordView.swift */,
				5F2E1D0C9B8A7F6E5D4C3B2A /* ShareService.swift */,
				D8A1B5AC2B8E4F2C00123456 /* Assets.xcassets */,
				D8A1B5AE2B8E4F2C00123456 /* Preview Content */,
			);
			path = TornyiOS;
			sourceTree = "<group>";
		};
		D8A1B5AE2B8E4F2C00123456 /* Preview Content */ = {
			isa = PBXGroup;
			children = (
				D8A1B5AF2B8E4F2C00123456 /* Preview Assets.xcassets */,
			);
			path = "Preview Content";
			sourceTree = "<group>";
		};
/* End PBXGroup section */

/* Begin PBXNativeTarget section */
		D8A1B5A42B8E4F2A00123456 /* TornyiOS */ = {
			isa = PBXNativeTarget;
			buildConfigurationList = D8A1B5B32B8E4F2C00123456 /* Build configuration list for PBXNativeTarget "TornyiOS" */;
			buildPhases = (
				D8A1B5A12B8E4F2A00123456 /* Sources */,
				D8A1B5A22B8E4F2A00123456 /* Frameworks */,
				D8A1B5A32B8E4F2A00123456 /* Resources */,
			);
			buildRules = (
			);
			dependencies = (
			);
			name = TornyiOS;
			productName = TornyiOS;
			productReference = D8A1B5A52B8E4F2A00123456 /* TornyiOS.app */;
			productType = "com.apple.product-type.application";
		};
/* End PBXNativeTarget section */

/* Begin PBXProject section */
		D8A1B59D2B8E4F2A00123456 /* Project object */ = {
			isa = PBXProject;
			attributes = {
				BuildIndependentTargetsInParallel = 1;
				LastSwiftUpdateCheck = 1520;
				LastUpgradeCheck = 1520;
				TargetAttributes = {
					D8A1B5A42B8E4F2A00123456 = {
						CreatedOnToolsVersion = 15.2;
					};
				};
			};
			buildConfigurationList = D8A1B5A02B8E4F2A00123456 /* Build configuration list for PBXProject "TornyiOS" */;
			compatibilityVersion = "Xcode 14.0";
			developmentRegion = en;
			hasScannedForEncodings = 0;
			knownRegions = (
				en,
				Base,
			);
			mainGroup = D8A1B59C2B8E4F2A00123456;
			productRefGroup = D8A1B5A62B8E4F2A00123456 /* Products */;
			projectDirPath = "";
			projectRoot = "";
			targets = (
				D8A1B5A42B8E4F2A00123456 /* TornyiOS */,
			);
		};
/* End PBXProject section */

/* Begin PBXResourcesBuildPhase section */
		D8A1B5A32B8E4F2A00123456 /* Resources */ = {
			isa = PBXResourcesBuildPhase;
			buildActionMask = 2147483647;
			files = (
				D8A1B5B02B8E4F2C00123456 /* Preview Assets.xcassets in Resources */,
				D8A1B5AD2B8E4F2C00123456 /* Assets.xcassets in Resources */,
				D8A1B5C92B8E4FB000123456 /* PermanentMarker-Regular.ttf in Resources */,
			);
			runOnlyForDeploymentPostprocessing = 0;
		};
/* End PBXResourcesBuildPhase section */

/* Begin PBXSourcesBuildPhase section */
		D8A1B5A12B8E4F2A00123456 /* Sources */ = {
			isa = PBXSourcesBuildPhase;
			buildActionMask = 2147483647;
			files = (
				D8A1B5AB2B8E4F2A00123456 /* ContentView.swift in Sources */,
				FC5AE5650A00473BB84DF31B /* LaunchScreen.swift in Sources */,
				B57852151DA14D3C9EF49437 /* KeychainService.swift in Sources */,
				D8A1B5BD2B8E4F6E00123456 /* ShotRecordingView.swift in Sources */,
				D8A1B5B92B8E4F5800123456 /* Models.swift in Sources */,
				D8A1B5BF2B8E4F7900123456 /* AnalyticsView.swift in Sources */,
				D8A1B5A92B8E4F2A00123456 /* TornyiOSApp.swift in Sources */,
				D8A1B5B72B8E4F4D00123456 /* APIService.swift in Sources */,
				D8A1B5C12B8E4F8400123456 /* SessionHistoryView.swift in Sources */,
				D8A1B5C32B8E4F8F00123456 /* AuthView.swift in Sources */,
				D8A1B5C52B8E4F9F00123456 /* ProfileSetupView.swift in Sources */,
				96DBB43E64DF44AC858364AA /* TrainingSessionView.swift in Sources */,
				87A81E2DC11D4ACABB22FD76 /* TrainingSetupView.swift in Sources */,
				D8A1B5CA2B8E4FC100123456 /* ImagePicker.swift in Sources */,
				D8A1B5C52B8E4F9A00123456 /* TornyColors.swift in Sources */,
				D8A1B5C72B8E4FA500123456 /* TornyComponents.swift in Sources */,
				AE3B9C1D2C9A4B5E00789012 /* AnalyticsDetailView.swift in Sources */,
				AE3B9C1F2C9A4B6000789012 /* AnalyticsModels.swift in Sources */,
				AE3B9C212C9A4B6200789012 /* AnalyticsViewModel.swift in Sources */,
				AE3B9C232C9A4B6400789012 /* SessionDetailCards.swift in Sources */,
				AE3B9C312C9A4B7200789012 /* SessionDetailView.swift in Sources */,
				25347157E7F446B5FCF1E43B /* SessionAIAnalysisView.swift in Sources */,
				AE3B9C332C9A4B7400789012 /* SessionRowView.swift in Sources */,
				AE3B9C252C9A4B6600789012 /* DashboardView.swift in Sources */,
				AE3B9C272C9A4B6800789012 /* DashboardViewModel.swift in Sources */,
				AE3B9C292C9A4B6A00789012 /* AuthViewModel.swift in Sources */,
				AE3B9C2B2C9A4B6C00789012 /* ProfileSetupViewModel.swift in Sources */,
				AE3B9C2D2C9A4B6E00789012 /* SessionHistoryViewModel.swift in Sources */,
				AE3B9C2F2C9A4B7000789012 /* TrainingSessionViewModel.swift in Sources */,
				F1A2B3C4D5E6F7A8B9C0D1E2 /* DetailedAnalyticsView.swift in Sources */,
				A4F3E2D1C0B9A8F7E6D5C4B3 /* ChartModels.swift in Sources */,
				E7F6C5B4A3F2E1D0C9B8A7F6 /* ProgressChartModels.swift in Sources */,
				F8A7D6C5B4A3F2E1D0C9B8A7 /* ComparativeAnalyticsModels.swift in Sources */,
				B2A1C0D9F8E7D6C5B4A3F2E1 /* LiveChartsComponent.swift in Sources */,
				C4B3A2F1E0D9C8B7A6F5E4D3 /* ProgressChartsView.swift in Sources */,
				D5C4B3A2F1E0D9C8B7A6F5E4 /* ComparativeAnalysisView.swift in Sources */,
				4A3F2E1D0C9B8A7F6E5D4C3B /* ShareService.swift in Sources */,
				E6D5C4B3A2F1E0D9C8B7A6F5 /* NavigationManager.swift in Sources */,
				F8E7D6C5B4A3F2E1D0C9B8A7 /* PasswordResetService.swift in Sources */,
				A0F9E8D7C6B5A4F3E2D1C0B9 /* ForgotPasswordView.swift in Sources */,
				C2B1A0F9E8D7C6B5A4F3E2D1 /* ResetPasswordView.swift in Sources */,
				AA11BB22CC33DD44EE55FF66 /* AIInsightsView.swift in Sources */,
				BB22CC33DD44EE55FF66AA11 /* AIInsightsViewModel.swift in Sources */,
			);
			runOnlyForDeploymentPostprocessing = 0;
		};
/* End PBXSourcesBuildPhase section */

/* Begin XCBuildConfiguration section */
		D8A1B5B12B8E4F2C00123456 /* Debug */ = {
			isa = XCBuildConfiguration;
			buildSettings = {
				ALWAYS_SEARCH_USER_PATHS = NO;
				ASSETCATALOG_COMPILER_GENERATE_SWIFT_ASSET_SYMBOL_EXTENSIONS = YES;
				CLANG_ANALYZER_NONNULL = YES;
				CLANG_ANALYZER_NUMBER_OBJECT_CONVERSION = YES_AGGRESSIVE;
				CLANG_CXX_LANGUAGE_STANDARD = "gnu++20";
				CLANG_ENABLE_MODULES = YES;
				CLANG_ENABLE_OBJC_ARC = YES;
				CLANG_ENABLE_OBJC_WEAK = YES;
				CLANG_WARN_BLOCK_CAPTURE_AUTORELEASING = YES;
				CLANG_WARN_BOOL_CONVERSION = YES;
				CLANG_WARN_COMMA = YES;
				CLANG_WARN_CONSTANT_CONVERSION = YES;
				CLANG_WARN_DEPRECATED_OBJC_IMPLEMENTATIONS = YES;
				CLANG_WARN_DIRECT_OBJC_ISA_USAGE = YES_ERROR;
				CLANG_WARN_DOCUMENTATION_COMMENTS = YES;
				CLANG_WARN_EMPTY_BODY = YES;
				CLANG_WARN_ENUM_CONVERSION = YES;
				CLANG_WARN_INFINITE_RECURSION = YES;
				CLANG_WARN_INT_CONVERSION = YES;
				CLANG_WARN_NON_LITERAL_NULL_CONVERSION = YES;
				CLANG_WARN_OBJC_IMPLICIT_RETAIN_SELF = YES;
				CLANG_WARN_OBJC_LITERAL_CONVERSION = YES;
				CLANG_WARN_OBJC_ROOT_CLASS = YES_ERROR;
				CLANG_WARN_QUOTED_INCLUDE_IN_FRAMEWORK_HEADER = YES;
				CLANG_WARN_RANGE_LOOP_ANALYSIS = YES;
				CLANG_WARN_STRICT_PROTOTYPES = YES;
				CLANG_WARN_SUSPICIOUS_MOVE = YES;
				CLANG_WARN_UNGUARDED_AVAILABILITY = YES_AGGRESSIVE;
				CLANG_WARN_UNREACHABLE_CODE = YES;
				CLANG_WARN__DUPLICATE_METHOD_MATCH = YES;
				COPY_PHASE_STRIP = NO;
				DEBUG_INFORMATION_FORMAT = dwarf;
				ENABLE_STRICT_OBJC_MSGSEND = YES;
				ENABLE_TESTABILITY = YES;
				ENABLE_USER_SCRIPT_SANDBOXING = YES;
				GCC_C_LANGUAGE_STANDARD = gnu17;
				GCC_DYNAMIC_NO_PIC = NO;
				GCC_NO_COMMON_BLOCKS = YES;
				GCC_OPTIMIZATION_LEVEL = 0;
				GCC_PREPROCESSOR_DEFINITIONS = (
					"DEBUG=1",
					"$(inherited)",
				);
				GCC_WARN_64_TO_32_BIT_CONVERSION = YES;
				GCC_WARN_ABOUT_RETURN_TYPE = YES_ERROR;
				GCC_WARN_UNDECLARED_SELECTOR = YES;
				GCC_WARN_UNINITIALIZED_AUTOS = YES_AGGRESSIVE;
				GCC_WARN_UNUSED_FUNCTION = YES;
				GCC_WARN_UNUSED_VARIABLE = YES;
				IPHONEOS_DEPLOYMENT_TARGET = 16.4;
				LOCALIZATION_PREFERS_STRING_CATALOGS = YES;
				MTL_ENABLE_DEBUG_INFO = INCLUDE_SOURCE;
				MTL_FAST_MATH = YES;
				ONLY_ACTIVE_ARCH = YES;
				SDKROOT = iphoneos;
				SWIFT_ACTIVE_COMPILATION_CONDITIONS = "DEBUG $(inherited)";
				SWIFT_OPTIMIZATION_LEVEL = "-Onone";
			};
			name = Debug;
		};
		D8A1B5B22B8E4F2C00123456 /* Release */ = {
			isa = XCBuildConfiguration;
			buildSettings = {
				ALWAYS_SEARCH_USER_PATHS = NO;
				ASSETCATALOG_COMPILER_GENERATE_SWIFT_ASSET_SYMBOL_EXTENSIONS = YES;
				CLANG_ANALYZER_NONNULL = YES;
				CLANG_ANALYZER_NUMBER_OBJECT_CONVERSION = YES_AGGRESSIVE;
				CLANG_CXX_LANGUAGE_STANDARD = "gnu++20";
				CLANG_ENABLE_MODULES = YES;
				CLANG_ENABLE_OBJC_ARC = YES;
				CLANG_ENABLE_OBJC_WEAK = YES;
				CLANG_WARN_BLOCK_CAPTURE_AUTORELEASING = YES;
				CLANG_WARN_BOOL_CONVERSION = YES;
				CLANG_WARN_COMMA = YES;
				CLANG_WARN_CONSTANT_CONVERSION = YES;
				CLANG_WARN_DEPRECATED_OBJC_IMPLEMENTATIONS = YES;
				CLANG_WARN_DIRECT_OBJC_ISA_USAGE = YES_ERROR;
				CLANG_WARN_DOCUMENTATION_COMMENTS = YES;
				CLANG_WARN_EMPTY_BODY = YES;
				CLANG_WARN_ENUM_CONVERSION = YES;
				CLANG_WARN_INFINITE_RECURSION = YES;
				CLANG_WARN_INT_CONVERSION = YES;
				CLANG_WARN_NON_LITERAL_NULL_CONVERSION = YES;
				CLANG_WARN_OBJC_IMPLICIT_RETAIN_SELF = YES;
				CLANG_WARN_OBJC_LITERAL_CONVERSION = YES;
				CLANG_WARN_OBJC_ROOT_CLASS = YES_ERROR;
				CLANG_WARN_QUOTED_INCLUDE_IN_FRAMEWORK_HEADER = YES;
				CLANG_WARN_RANGE_LOOP_ANALYSIS = YES;
				CLANG_WARN_STRICT_PROTOTYPES = YES;
				CLANG_WARN_SUSPICIOUS_MOVE = YES;
				CLANG_WARN_UNGUARDED_AVAILABILITY = YES_AGGRESSIVE;
				CLANG_WARN_UNREACHABLE_CODE = YES;
				CLANG_WARN__DUPLICATE_METHOD_MATCH = YES;
				COPY_PHASE_STRIP = NO;
				DEBUG_INFORMATION_FORMAT = "dwarf-with-dsym";
				ENABLE_NS_ASSERTIONS = NO;
				ENABLE_STRICT_OBJC_MSGSEND = YES;
				ENABLE_USER_SCRIPT_SANDBOXING = YES;
				GCC_C_LANGUAGE_STANDARD = gnu17;
				GCC_NO_COMMON_BLOCKS = YES;
				GCC_WARN_64_TO_32_BIT_CONVERSION = YES;
				GCC_WARN_ABOUT_RETURN_TYPE = YES_ERROR;
				GCC_WARN_UNDECLARED_SELECTOR = YES;
				GCC_WARN_UNINITIALIZED_AUTOS = YES_AGGRESSIVE;
				GCC_WARN_UNUSED_FUNCTION = YES;
				GCC_WARN_UNUSED_VARIABLE = YES;
				IPHONEOS_DEPLOYMENT_TARGET = 16.4;
				LOCALIZATION_PREFERS_STRING_CATALOGS = YES;
				MTL_ENABLE_DEBUG_INFO = NO;
				MTL_FAST_MATH = YES;
				SDKROOT = iphoneos;
				SWIFT_COMPILATION_MODE = wholemodule;
				VALIDATE_PRODUCT = YES;
			};
			name = Release;
		};
		D8A1B5B42B8E4F2C00123456 /* Debug */ = {
			isa = XCBuildConfiguration;
			buildSettings = {
				ASSETCATALOG_COMPILER_APPICON_NAME = AppIcon;
				ASSETCATALOG_COMPILER_GLOBAL_ACCENT_COLOR = AccentColor;
				CODE_SIGN_STYLE = Automatic;
				CURRENT_PROJECT_VERSION = 1;
				DEVELOPMENT_ASSET_PATHS = "\"TornyiOS/Preview Content\"";
				DEVELOPMENT_TEAM = GCXCBV3XH9;
				ENABLE_PREVIEWS = YES;
				GENERATE_INFOPLIST_FILE = YES;
				INFOPLIST_KEY_UIApplicationSceneManifest_Generation = YES;
				INFOPLIST_KEY_UIApplicationSupportsIndirectInputEvents = YES;
				INFOPLIST_KEY_UILaunchScreen_Generation = YES;
				INFOPLIST_KEY_UISupportedInterfaceOrientations_iPad = "UIInterfaceOrientationPortrait UIInterfaceOrientationPortraitUpsideDown UIInterfaceOrientationLandscapeLeft UIInterfaceOrientationLandscapeRight";
				INFOPLIST_KEY_UISupportedInterfaceOrientations_iPhone = "UIInterfaceOrientationPortrait UIInterfaceOrientationLandscapeLeft UIInterfaceOrientationLandscapeRight";
				INFOPLIST_KEY_UIAppFonts = (
					"PermanentMarker-Regular.ttf",
				);
				INFOPLIST_KEY_NSPhotoLibraryUsageDescription = "Torny needs access to your photos to let you select profile pictures and banner images for your account.";
				INFOPLIST_KEY_NSPhotoLibraryAddUsageDescription = "Torny can save training session photos to your photo library for easy sharing and record keeping.";
				LD_RUNPATH_SEARCH_PATHS = (
					"$(inherited)",
					"@executable_path/Frameworks",
				);
				MARKETING_VERSION = 1.0;
				PRODUCT_BUNDLE_IDENTIFIER = com.example.TornyiOS;
				PRODUCT_NAME = Torny;
				SWIFT_EMIT_LOC_STRINGS = YES;
				SWIFT_VERSION = 5.0;
				TARGETED_DEVICE_FAMILY = "1,2";
			};
			name = Debug;
		};
		D8A1B5B52B8E4F2C00123456 /* Release */ = {
			isa = XCBuildConfiguration;
			buildSettings = {
				ASSETCATALOG_COMPILER_APPICON_NAME = AppIcon;
				ASSETCATALOG_COMPILER_GLOBAL_ACCENT_COLOR = AccentColor;
				CODE_SIGN_STYLE = Automatic;
				CURRENT_PROJECT_VERSION = 1;
				DEVELOPMENT_ASSET_PATHS = "\"TornyiOS/Preview Content\"";
				DEVELOPMENT_TEAM = GCXCBV3XH9;
				ENABLE_PREVIEWS = YES;
				GENERATE_INFOPLIST_FILE = YES;
				INFOPLIST_KEY_UIApplicationSceneManifest_Generation = YES;
				INFOPLIST_KEY_UIApplicationSupportsIndirectInputEvents = YES;
				INFOPLIST_KEY_UILaunchScreen_Generation = YES;
				INFOPLIST_KEY_UISupportedInterfaceOrientations_iPad = "UIInterfaceOrientationPortrait UIInterfaceOrientationPortraitUpsideDown UIInterfaceOrientationLandscapeLeft UIInterfaceOrientationLandscapeRight";
				INFOPLIST_KEY_UISupportedInterfaceOrientations_iPhone = "UIInterfaceOrientationPortrait UIInterfaceOrientationLandscapeLeft UIInterfaceOrientationLandscapeRight";
				INFOPLIST_KEY_UIAppFonts = (
					"PermanentMarker-Regular.ttf",
				);
				INFOPLIST_KEY_NSPhotoLibraryUsageDescription = "Torny needs access to your photos to let you select profile pictures and banner images for your account.";
				INFOPLIST_KEY_NSPhotoLibraryAddUsageDescription = "Torny can save training session photos to your photo library for easy sharing and record keeping.";
				LD_RUNPATH_SEARCH_PATHS = (
					"$(inherited)",
					"@executable_path/Frameworks",
				);
				MARKETING_VERSION = 1.0;
				PRODUCT_BUNDLE_IDENTIFIER = com.example.TornyiOS;
				PRODUCT_NAME = Torny;
				SWIFT_EMIT_LOC_STRINGS = YES;
				SWIFT_VERSION = 5.0;
				TARGETED_DEVICE_FAMILY = "1,2";
			};
			name = Release;
		};
/* End XCBuildConfiguration section */

/* Begin XCConfigurationList section */
		D8A1B5A02B8E4F2A00123456 /* Build configuration list for PBXProject "TornyiOS" */ = {
			isa = XCConfigurationList;
			buildConfigurations = (
				D8A1B5B12B8E4F2C00123456 /* Debug */,
				D8A1B5B22B8E4F2C00123456 /* Release */,
			);
			defaultConfigurationIsVisible = 0;
			defaultConfigurationName = Release;
		};
		D8A1B5B32B8E4F2C00123456 /* Build configuration list for PBXNativeTarget "TornyiOS" */ = {
			isa = XCConfigurationList;
			buildConfigurations = (
				D8A1B5B42B8E4F2C00123456 /* Debug */,
				D8A1B5B52B8E4F2C00123456 /* Release */,
			);
			defaultConfigurationIsVisible = 0;
			defaultConfigurationName = Release;
		};
/* End XCConfigurationList section */
	};
	rootObject = D8A1B59D2B8E4F2A00123456 /* Project object */;
}
